
Microsoft Visual Studio Solution File, Format Version 12.00
# Visual Studio Version 17
VisualStudioVersion = 17.8.34205.153
MinimumVisualStudioVersion = 10.0.40219.1
Project("{9A19103F-16F7-4668-BE54-9A1E7A4F7556}") = "YourHistory", "YourHistory\YourHistory.csproj", "{D53CFE5E-B6DC-4FEE-BA31-A818240AB837}"
EndProject
Global
	GlobalSection(SolutionConfigurationPlatforms) = preSolution
		Debug|Any CPU = Debug|Any CPU
		Release|Any CPU = Release|Any CPU
	EndGlobalSection
	GlobalSection(ProjectConfigurationPlatforms) = postSolution
		{D53CFE5E-B6DC-4FEE-BA31-A818240AB837}.Debug|Any CPU.ActiveCfg = Debug|Any CPU
		{D53CFE5E-B6DC-4FEE-BA31-A818240AB837}.Debug|Any CPU.Build.0 = Debug|Any CPU
		{D53CFE5E-B6DC-4FEE-BA31-A818240AB837}.Release|Any CPU.ActiveCfg = Release|Any CPU
		{D53CFE5E-B6DC-4FEE-BA31-A818240AB837}.Release|Any CPU.Build.0 = Release|Any CPU
	EndGlobalSection
	GlobalSection(SolutionProperties) = preSolution
		HideSolutionNode = FALSE
	EndGlobalSection
	GlobalSection(ExtensibilityGlobals) = postSolution
		SolutionGuid = {7EB8130A-F8F3-4CA2-8EB5-21373F5ADB58}
	EndGlobalSection
EndGlobal
